// !$*UTF8*$!
{
	archiveVersion = 1;
	classes = {
	};
	objectVersion = 56;
	objects = {

/* Begin PBXBuildFile section */
		3D617F082926BE2F00ECD881 /* counterApp.swift in Sources */ = {isa = PBXBuildFile; fileRef = 3D617F072926BE2F00ECD881 /* counterApp.swift */; };
		3D617F0A2926BE2F00ECD881 /* ContentView.swift in Sources */ = {isa = PBXBuildFile; fileRef = 3D617F092926BE2F00ECD881 /* ContentView.swift */; };
		3D617F0C2926BE3000ECD881 /* Assets.xcassets in Resources */ = {isa = PBXBuildFile; fileRef = 3D617F0B2926BE3000ECD881 /* Assets.xcassets */; };
		3D617F0F2926BE3000ECD881 /* Preview Assets.xcassets in Resources */ = {isa = PBXBuildFile; fileRef = 3D617F0E2926BE3000ECD881 /* Preview Assets.xcassets */; };
		3D617F152926BE3100ECD881 /* counter Watch App.app in Embed Watch Content */ = {isa = PBXBuildFile; fileRef = 3D617F142926BE3100ECD881 /* counter Watch App.app */; settings = {ATTRIBUTES = (RemoveHeadersOnCopy, ); }; };
		3D617F1A2926BE3100ECD881 /* counterApp.swift in Sources */ = {isa = PBXBuildFile; fileRef = 3D617F192926BE3100ECD881 /* counterApp.swift */; };
		3D617F1C2926BE3100ECD881 /* ContentView.swift in Sources */ = {isa = PBXBuildFile; fileRef = 3D617F1B2926BE3100ECD881 /* ContentView.swift */; };
		3D617F1E2926BE3100ECD881 /* Assets.xcassets in Resources */ = {isa = PBXBuildFile; fileRef = 3D617F1D2926BE3100ECD881 /* Assets.xcassets */; };
		3D617F212926BE3100ECD881 /* Preview Assets.xcassets in Resources */ = {isa = PBXBuildFile; fileRef = 3D617F202926BE3100ECD881 /* Preview Assets.xcassets */; };
		3DF5E4632926F9F100419A3C /* WidgetKit.framework in Frameworks */ = {isa = PBXBuildFile; fileRef = 3DF5E4112926F70400419A3C /* WidgetKit.framework */; };
		3DF5E4642926F9F100419A3C /* SwiftUI.framework in Frameworks */ = {isa = PBXBuildFile; fileRef = 3DF5E4132926F70400419A3C /* SwiftUI.framework */; };
		3DF5E4672926F9F100419A3C /* Widget_Extension.swift in Sources */ = {isa = PBXBuildFile; fileRef = 3DF5E4662926F9F100419A3C /* Widget_Extension.swift */; };
		3DF5E46A2926F9F200419A3C /* Assets.xcassets in Resources */ = {isa = PBXBuildFile; fileRef = 3DF5E4692926F9F200419A3C /* Assets.xcassets */; };
		3DF5E46C2926F9F200419A3C /* Widget_Extension.intentdefinition in Sources */ = {isa = PBXBuildFile; fileRef = 3DF5E4682926F9F100419A3C /* Widget_Extension.intentdefinition */; };
		3DF5E46D2926F9F200419A3C /* Widget_Extension.intentdefinition in Sources */ = {isa = PBXBuildFile; fileRef = 3DF5E4682926F9F100419A3C /* Widget_Extension.intentdefinition */; };
		3DF5E4702926F9F200419A3C /* Widget ExtensionExtension.appex in Embed Foundation Extensions */ = {isa = PBXBuildFile; fileRef = 3DF5E4622926F9F100419A3C /* Widget ExtensionExtension.appex */; settings = {ATTRIBUTES = (RemoveHeadersOnCopy, ); }; };
/* End PBXBuildFile section */

/* Begin PBXContainerItemProxy section */
		3D617F162926BE3100ECD881 /* PBXContainerItemProxy */ = {
			isa = PBXContainerItemProxy;
			containerPortal = 3D617EFC2926BE2F00ECD881 /* Project object */;
			proxyType = 1;
			remoteGlobalIDString = 3D617F132926BE3100ECD881;
			remoteInfo = "counter Watch App";
		};
		3DF5E46E2926F9F200419A3C /* PBXContainerItemProxy */ = {
			isa = PBXContainerItemProxy;
			containerPortal = 3D617EFC2926BE2F00ECD881 /* Project object */;
			proxyType = 1;
			remoteGlobalIDString = 3DF5E4612926F9F100419A3C;
			remoteInfo = "Widget ExtensionExtension";
		};
/* End PBXContainerItemProxy section */

/* Begin PBXCopyFilesBuildPhase section */
		3D617F272926BE3100ECD881 /* Embed Watch Content */ = {
			isa = PBXCopyFilesBuildPhase;
			buildActionMask = 2147483647;
			dstPath = "$(CONTENTS_FOLDER_PATH)/Watch";
			dstSubfolderSpec = 16;
			files = (
				3D617F152926BE3100ECD881 /* counter Watch App.app in Embed Watch Content */,
			);
			name = "Embed Watch Content";
			runOnlyForDeploymentPostprocessing = 0;
		};
		3DF5E4242926F70500419A3C /* Embed Foundation Extensions */ = {
			isa = PBXCopyFilesBuildPhase;
			buildActionMask = 2147483647;
			dstPath = "";
			dstSubfolderSpec = 13;
			files = (
				3DF5E4702926F9F200419A3C /* Widget ExtensionExtension.appex in Embed Foundation Extensions */,
			);
			name = "Embed Foundation Extensions";
			runOnlyForDeploymentPostprocessing = 0;
		};
		3DF5E4362926F72300419A3C /* Embed ExtensionKit Extensions */ = {
			isa = PBXCopyFilesBuildPhase;
			buildActionMask = 2147483647;
			dstPath = "$(EXTENSIONS_FOLDER_PATH)";
			dstSubfolderSpec = 16;
			files = (
			);
			name = "Embed ExtensionKit Extensions";
			runOnlyForDeploymentPostprocessing = 0;
		};
/* End PBXCopyFilesBuildPhase section */

/* Begin PBXFileReference section */
		3D617F042926BE2F00ECD881 /* counter.app */ = {isa = PBXFileReference; explicitFileType = wrapper.application; includeInIndex = 0; path = counter.app; sourceTree = BUILT_PRODUCTS_DIR; };
		3D617F072926BE2F00ECD881 /* counterApp.swift */ = {isa = PBXFileReference; lastKnownFileType = sourcecode.swift; path = counterApp.swift; sourceTree = "<group>"; };
		3D617F092926BE2F00ECD881 /* ContentView.swift */ = {isa = PBXFileReference; lastKnownFileType = sourcecode.swift; path = ContentView.swift; sourceTree = "<group>"; };
		3D617F0B2926BE3000ECD881 /* Assets.xcassets */ = {isa = PBXFileReference; lastKnownFileType = folder.assetcatalog; path = Assets.xcassets; sourceTree = "<group>"; };
		3D617F0E2926BE3000ECD881 /* Preview Assets.xcassets */ = {isa = PBXFileReference; lastKnownFileType = folder.assetcatalog; path = "Preview Assets.xcassets"; sourceTree = "<group>"; };
		3D617F142926BE3100ECD881 /* counter Watch App.app */ = {isa = PBXFileReference; explicitFileType = wrapper.application; includeInIndex = 0; path = "counter Watch App.app"; sourceTree = BUILT_PRODUCTS_DIR; };
		3D617F192926BE3100ECD881 /* counterApp.swift */ = {isa = PBXFileReference; lastKnownFileType = sourcecode.swift; path = counterApp.swift; sourceTree = "<group>"; };
		3D617F1B2926BE3100ECD881 /* ContentView.swift */ = {isa = PBXFileReference; lastKnownFileType = sourcecode.swift; path = ContentView.swift; sourceTree = "<group>"; };
		3D617F1D2926BE3100ECD881 /* Assets.xcassets */ = {isa = PBXFileReference; lastKnownFileType = folder.assetcatalog; path = Assets.xcassets; sourceTree = "<group>"; };
		3D617F202926BE3100ECD881 /* Preview Assets.xcassets */ = {isa = PBXFileReference; lastKnownFileType = folder.assetcatalog; path = "Preview Assets.xcassets"; sourceTree = "<group>"; };
		3DF5E40A2926F6B600419A3C /* counter-Watch-App-Info.plist */ = {isa = PBXFileReference; lastKnownFileType = text.plist; path = "counter-Watch-App-Info.plist"; sourceTree = SOURCE_ROOT; };
		3DF5E4112926F70400419A3C /* WidgetKit.framework */ = {isa = PBXFileReference; lastKnownFileType = wrapper.framework; name = WidgetKit.framework; path = System/Library/Frameworks/WidgetKit.framework; sourceTree = SDKROOT; };
		3DF5E4132926F70400419A3C /* SwiftUI.framework */ = {isa = PBXFileReference; lastKnownFileType = wrapper.framework; name = SwiftUI.framework; path = System/Library/Frameworks/SwiftUI.framework; sourceTree = SDKROOT; };
		3DF5E43C2926F73600419A3C /* Intents.framework */ = {isa = PBXFileReference; lastKnownFileType = wrapper.framework; name = Intents.framework; path = System/Library/Frameworks/Intents.framework; sourceTree = SDKROOT; };
		3DF5E4622926F9F100419A3C /* Widget ExtensionExtension.appex */ = {isa = PBXFileReference; explicitFileType = "wrapper.app-extension"; includeInIndex = 0; path = "Widget ExtensionExtension.appex"; sourceTree = BUILT_PRODUCTS_DIR; };
		3DF5E4662926F9F100419A3C /* Widget_Extension.swift */ = {isa = PBXFileReference; lastKnownFileType = sourcecode.swift; path = Widget_Extension.swift; sourceTree = "<group>"; };
		3DF5E4682926F9F100419A3C /* Widget_Extension.intentdefinition */ = {isa = PBXFileReference; lastKnownFileType = file.intentdefinition; path = Widget_Extension.intentdefinition; sourceTree = "<group>"; };
		3DF5E4692926F9F200419A3C /* Assets.xcassets */ = {isa = PBXFileReference; lastKnownFileType = folder.assetcatalog; path = Assets.xcassets; sourceTree = "<group>"; };
		3DF5E46B2926F9F200419A3C /* Info.plist */ = {isa = PBXFileReference; lastKnownFileType = text.plist.xml; path = Info.plist; sourceTree = "<group>"; };
		3DF5E4742927002000419A3C /* counter Watch App.entitlements */ = {isa = PBXFileReference; lastKnownFileType = text.plist.entitlements; path = "counter Watch App.entitlements"; sourceTree = "<group>"; };
		3DF5E4752927003600419A3C /* Widget ExtensionExtension.entitlements */ = {isa = PBXFileReference; lastKnownFileType = text.plist.entitlements; path = "Widget ExtensionExtension.entitlements"; sourceTree = "<group>"; };
/* End PBXFileReference section */

/* Begin PBXFrameworksBuildPhase section */
		3D617F012926BE2F00ECD881 /* Frameworks */ = {
			isa = PBXFrameworksBuildPhase;
			buildActionMask = 2147483647;
			files = (
			);
			runOnlyForDeploymentPostprocessing = 0;
		};
		3D617F112926BE3100ECD881 /* Frameworks */ = {
			isa = PBXFrameworksBuildPhase;
			buildActionMask = 2147483647;
			files = (
			);
			runOnlyForDeploymentPostprocessing = 0;
		};
		3DF5E45F2926F9F100419A3C /* Frameworks */ = {
			isa = PBXFrameworksBuildPhase;
			buildActionMask = 2147483647;
			files = (
				3DF5E4642926F9F100419A3C /* SwiftUI.framework in Frameworks */,
				3DF5E4632926F9F100419A3C /* WidgetKit.framework in Frameworks */,
			);
			runOnlyForDeploymentPostprocessing = 0;
		};
/* End PBXFrameworksBuildPhase section */

/* Begin PBXGroup section */
		3D617EFB2926BE2F00ECD881 = {
			isa = PBXGroup;
			children = (
				3DF5E4752927003600419A3C /* Widget ExtensionExtension.entitlements */,
				3D617F062926BE2F00ECD881 /* counter */,
				3D617F182926BE3100ECD881 /* counter Watch App */,
				3DF5E4652926F9F100419A3C /* Widget Extension */,
				3DF5E4102926F70400419A3C /* Frameworks */,
				3D617F052926BE2F00ECD881 /* Products */,
			);
			sourceTree = "<group>";
		};
		3D617F052926BE2F00ECD881 /* Products */ = {
			isa = PBXGroup;
			children = (
				3D617F042926BE2F00ECD881 /* counter.app */,
				3D617F142926BE3100ECD881 /* counter Watch App.app */,
				3DF5E4622926F9F100419A3C /* Widget ExtensionExtension.appex */,
			);
			name = Products;
			sourceTree = "<group>";
		};
		3D617F062926BE2F00ECD881 /* counter */ = {
			isa = PBXGroup;
			children = (
				3D617F072926BE2F00ECD881 /* counterApp.swift */,
				3D617F092926BE2F00ECD881 /* ContentView.swift */,
				3D617F0B2926BE3000ECD881 /* Assets.xcassets */,
				3D617F0D2926BE3000ECD881 /* Preview Content */,
			);
			path = counter;
			sourceTree = "<group>";
		};
		3D617F0D2926BE3000ECD881 /* Preview Content */ = {
			isa = PBXGroup;
			children = (
				3D617F0E2926BE3000ECD881 /* Preview Assets.xcassets */,
			);
			path = "Preview Content";
			sourceTree = "<group>";
		};
		3D617F182926BE3100ECD881 /* counter Watch App */ = {
			isa = PBXGroup;
			children = (
				3DF5E4742927002000419A3C /* counter Watch App.entitlements */,
				3DF5E40A2926F6B600419A3C /* counter-Watch-App-Info.plist */,
				3D617F192926BE3100ECD881 /* counterApp.swift */,
				3D617F1B2926BE3100ECD881 /* ContentView.swift */,
				3D617F1D2926BE3100ECD881 /* Assets.xcassets */,
				3D617F1F2926BE3100ECD881 /* Preview Content */,
			);
			path = "counter Watch App";
			sourceTree = "<group>";
		};
		3D617F1F2926BE3100ECD881 /* Preview Content */ = {
			isa = PBXGroup;
			children = (
				3D617F202926BE3100ECD881 /* Preview Assets.xcassets */,
			);
			path = "Preview Content";
			sourceTree = "<group>";
		};
		3DF5E4102926F70400419A3C /* Frameworks */ = {
			isa = PBXGroup;
			children = (
				3DF5E4112926F70400419A3C /* WidgetKit.framework */,
				3DF5E4132926F70400419A3C /* SwiftUI.framework */,
				3DF5E43C2926F73600419A3C /* Intents.framework */,
			);
			name = Frameworks;
			sourceTree = "<group>";
		};
		3DF5E4652926F9F100419A3C /* Widget Extension */ = {
			isa = PBXGroup;
			children = (
				3DF5E4662926F9F100419A3C /* Widget_Extension.swift */,
				3DF5E4682926F9F100419A3C /* Widget_Extension.intentdefinition */,
				3DF5E4692926F9F200419A3C /* Assets.xcassets */,
				3DF5E46B2926F9F200419A3C /* Info.plist */,
			);
			path = "Widget Extension";
			sourceTree = "<group>";
		};
/* End PBXGroup section */

/* Begin PBXNativeTarget section */
		3D617F032926BE2F00ECD881 /* counter */ = {
			isa = PBXNativeTarget;
			buildConfigurationList = 3D617F282926BE3100ECD881 /* Build configuration list for PBXNativeTarget "counter" */;
			buildPhases = (
				3D617F002926BE2F00ECD881 /* Sources */,
				3D617F012926BE2F00ECD881 /* Frameworks */,
				3D617F022926BE2F00ECD881 /* Resources */,
				3D617F272926BE3100ECD881 /* Embed Watch Content */,
			);
			buildRules = (
			);
			dependencies = (
				3D617F172926BE3100ECD881 /* PBXTargetDependency */,
			);
			name = counter;
			productName = counter;
			productReference = 3D617F042926BE2F00ECD881 /* counter.app */;
			productType = "com.apple.product-type.application";
		};
		3D617F132926BE3100ECD881 /* counter Watch App */ = {
			isa = PBXNativeTarget;
			buildConfigurationList = 3D617F242926BE3100ECD881 /* Build configuration list for PBXNativeTarget "counter Watch App" */;
			buildPhases = (
				3D617F102926BE3100ECD881 /* Sources */,
				3D617F112926BE3100ECD881 /* Frameworks */,
				3D617F122926BE3100ECD881 /* Resources */,
				3DF5E4242926F70500419A3C /* Embed Foundation Extensions */,
				3DF5E4362926F72300419A3C /* Embed ExtensionKit Extensions */,
			);
			buildRules = (
			);
			dependencies = (
				3DF5E46F2926F9F200419A3C /* PBXTargetDependency */,
			);
			name = "counter Watch App";
			productName = "counter Watch App";
			productReference = 3D617F142926BE3100ECD881 /* counter Watch App.app */;
			productType = "com.apple.product-type.application";
		};
		3DF5E4612926F9F100419A3C /* Widget ExtensionExtension */ = {
			isa = PBXNativeTarget;
			buildConfigurationList = 3DF5E4712926F9F200419A3C /* Build configuration list for PBXNativeTarget "Widget ExtensionExtension" */;
			buildPhases = (
				3DF5E45E2926F9F100419A3C /* Sources */,
				3DF5E45F2926F9F100419A3C /* Frameworks */,
				3DF5E4602926F9F100419A3C /* Resources */,
			);
			buildRules = (
			);
			dependencies = (
			);
			name = "Widget ExtensionExtension";
			productName = "Widget ExtensionExtension";
			productReference = 3DF5E4622926F9F100419A3C /* Widget ExtensionExtension.appex */;
			productType = "com.apple.product-type.app-extension";
		};
/* End PBXNativeTarget section */

/* Begin PBXProject section */
		3D617EFC2926BE2F00ECD881 /* Project object */ = {
			isa = PBXProject;
			attributes = {
				BuildIndependentTargetsInParallel = 1;
				LastSwiftUpdateCheck = 1410;
				LastUpgradeCheck = 1410;
				TargetAttributes = {
					3D617F032926BE2F00ECD881 = {
						CreatedOnToolsVersion = 14.1;
					};
					3D617F132926BE3100ECD881 = {
						CreatedOnToolsVersion = 14.1;
					};
					3DF5E4612926F9F100419A3C = {
						CreatedOnToolsVersion = 14.1;
					};
				};
			};
			buildConfigurationList = 3D617EFF2926BE2F00ECD881 /* Build configuration list for PBXProject "counter" */;
			compatibilityVersion = "Xcode 14.0";
			developmentRegion = en;
			hasScannedForEncodings = 0;
			knownRegions = (
				en,
				Base,
			);
			mainGroup = 3D617EFB2926BE2F00ECD881;
			productRefGroup = 3D617F052926BE2F00ECD881 /* Products */;
			projectDirPath = "";
			projectRoot = "";
			targets = (
				3D617F032926BE2F00ECD881 /* counter */,
				3D617F132926BE3100ECD881 /* counter Watch App */,
				3DF5E4612926F9F100419A3C /* Widget ExtensionExtension */,
			);
		};
/* End PBXProject section */

/* Begin PBXResourcesBuildPhase section */
		3D617F022926BE2F00ECD881 /* Resources */ = {
			isa = PBXResourcesBuildPhase;
			buildActionMask = 2147483647;
			files = (
				3D617F0F2926BE3000ECD881 /* Preview Assets.xcassets in Resources */,
				3D617F0C2926BE3000ECD881 /* Assets.xcassets in Resources */,
			);
			runOnlyForDeploymentPostprocessing = 0;
		};
		3D617F122926BE3100ECD881 /* Resources */ = {
			isa = PBXResourcesBuildPhase;
			buildActionMask = 2147483647;
			files = (
				3D617F212926BE3100ECD881 /* Preview Assets.xcassets in Resources */,
				3D617F1E2926BE3100ECD881 /* Assets.xcassets in Resources */,
			);
			runOnlyForDeploymentPostprocessing = 0;
		};
		3DF5E4602926F9F100419A3C /* Resources */ = {
			isa = PBXResourcesBuildPhase;
			buildActionMask = 2147483647;
			files = (
				3DF5E46A2926F9F200419A3C /* Assets.xcassets in Resources */,
			);
			runOnlyForDeploymentPostprocessing = 0;
		};
/* End PBXResourcesBuildPhase section */

/* Begin PBXSourcesBuildPhase section */
		3D617F002926BE2F00ECD881 /* Sources */ = {
			isa = PBXSourcesBuildPhase;
			buildActionMask = 2147483647;
			files = (
				3D617F0A2926BE2F00ECD881 /* ContentView.swift in Sources */,
				3D617F082926BE2F00ECD881 /* counterApp.swift in Sources */,
			);
			runOnlyForDeploymentPostprocessing = 0;
		};
		3D617F102926BE3100ECD881 /* Sources */ = {
			isa = PBXSourcesBuildPhase;
			buildActionMask = 2147483647;
			files = (
				3D617F1C2926BE3100ECD881 /* ContentView.swift in Sources */,
				3D617F1A2926BE3100ECD881 /* counterApp.swift in Sources */,
				3DF5E46D2926F9F200419A3C /* Widget_Extension.intentdefinition in Sources */,
			);
			runOnlyForDeploymentPostprocessing = 0;
		};
		3DF5E45E2926F9F100419A3C /* Sources */ = {
			isa = PBXSourcesBuildPhase;
			buildActionMask = 2147483647;
			files = (
				3DF5E46C2926F9F200419A3C /* Widget_Extension.intentdefinition in Sources */,
				3DF5E4672926F9F100419A3C /* Widget_Extension.swift in Sources */,
			);
			runOnlyForDeploymentPostprocessing = 0;
		};
/* End PBXSourcesBuildPhase section */

/* Begin PBXTargetDependency section */
		3D617F172926BE3100ECD881 /* PBXTargetDependency */ = {
			isa = PBXTargetDependency;
			target = 3D617F132926BE3100ECD881 /* counter Watch App */;
			targetProxy = 3D617F162926BE3100ECD881 /* PBXContainerItemProxy */;
		};
		3DF5E46F2926F9F200419A3C /* PBXTargetDependency */ = {
			isa = PBXTargetDependency;
			target = 3DF5E4612926F9F100419A3C /* Widget ExtensionExtension */;
			targetProxy = 3DF5E46E2926F9F200419A3C /* PBXContainerItemProxy */;
		};
/* End PBXTargetDependency section */

/* Begin XCBuildConfiguration section */
		3D617F222926BE3100ECD881 /* Debug */ = {
			isa = XCBuildConfiguration;
			buildSettings = {
				ALWAYS_SEARCH_USER_PATHS = NO;
				CLANG_ANALYZER_NONNULL = YES;
				CLANG_ANALYZER_NUMBER_OBJECT_CONVERSION = YES_AGGRESSIVE;
				CLANG_CXX_LANGUAGE_STANDARD = "gnu++20";
				CLANG_ENABLE_MODULES = YES;
				CLANG_ENABLE_OBJC_ARC = YES;
				CLANG_ENABLE_OBJC_WEAK = YES;
				CLANG_WARN_BLOCK_CAPTURE_AUTORELEASING = YES;
				CLANG_WARN_BOOL_CONVERSION = YES;
				CLANG_WARN_COMMA = YES;
				CLANG_WARN_CONSTANT_CONVERSION = YES;
				CLANG_WARN_DEPRECATED_OBJC_IMPLEMENTATIONS = YES;
				CLANG_WARN_DIRECT_OBJC_ISA_USAGE = YES_ERROR;
				CLANG_WARN_DOCUMENTATION_COMMENTS = YES;
				CLANG_WARN_EMPTY_BODY = YES;
				CLANG_WARN_ENUM_CONVERSION = YES;
				CLANG_WARN_INFINITE_RECURSION = YES;
				CLANG_WARN_INT_CONVERSION = YES;
				CLANG_WARN_NON_LITERAL_NULL_CONVERSION = YES;
				CLANG_WARN_OBJC_IMPLICIT_RETAIN_SELF = YES;
				CLANG_WARN_OBJC_LITERAL_CONVERSION = YES;
				CLANG_WARN_OBJC_ROOT_CLASS = YES_ERROR;
				CLANG_WARN_QUOTED_INCLUDE_IN_FRAMEWORK_HEADER = YES;
				CLANG_WARN_RANGE_LOOP_ANALYSIS = YES;
				CLANG_WARN_STRICT_PROTOTYPES = YES;
				CLANG_WARN_SUSPICIOUS_MOVE = YES;
				CLANG_WARN_UNGUARDED_AVAILABILITY = YES_AGGRESSIVE;
				CLANG_WARN_UNREACHABLE_CODE = YES;
				CLANG_WARN__DUPLICATE_METHOD_MATCH = YES;
				COPY_PHASE_STRIP = NO;
				DEBUG_INFORMATION_FORMAT = dwarf;
				ENABLE_STRICT_OBJC_MSGSEND = YES;
				ENABLE_TESTABILITY = YES;
				GCC_C_LANGUAGE_STANDARD = gnu11;
				GCC_DYNAMIC_NO_PIC = NO;
				GCC_NO_COMMON_BLOCKS = YES;
				GCC_OPTIMIZATION_LEVEL = 0;
				GCC_PREPROCESSOR_DEFINITIONS = (
					"DEBUG=1",
					"$(inherited)",
				);
				GCC_WARN_64_TO_32_BIT_CONVERSION = YES;
				GCC_WARN_ABOUT_RETURN_TYPE = YES_ERROR;
				GCC_WARN_UNDECLARED_SELECTOR = YES;
				GCC_WARN_UNINITIALIZED_AUTOS = YES_AGGRESSIVE;
				GCC_WARN_UNUSED_FUNCTION = YES;
				GCC_WARN_UNUSED_VARIABLE = YES;
				MTL_ENABLE_DEBUG_INFO = INCLUDE_SOURCE;
				MTL_FAST_MATH = YES;
				ONLY_ACTIVE_ARCH = YES;
				SWIFT_ACTIVE_COMPILATION_CONDITIONS = DEBUG;
				SWIFT_OPTIMIZATION_LEVEL = "-Onone";
			};
			name = Debug;
		};
		3D617F232926BE3100ECD881 /* Release */ = {
			isa = XCBuildConfiguration;
			buildSettings = {
				ALWAYS_SEARCH_USER_PATHS = NO;
				CLANG_ANALYZER_NONNULL = YES;
				CLANG_ANALYZER_NUMBER_OBJECT_CONVERSION = YES_AGGRESSIVE;
				CLANG_CXX_LANGUAGE_STANDARD = "gnu++20";
				CLANG_ENABLE_MODULES = YES;
				CLANG_ENABLE_OBJC_ARC = YES;
				CLANG_ENABLE_OBJC_WEAK = YES;
				CLANG_WARN_BLOCK_CAPTURE_AUTORELEASING = YES;
				CLANG_WARN_BOOL_CONVERSION = YES;
				CLANG_WARN_COMMA = YES;
				CLANG_WARN_CONSTANT_CONVERSION = YES;
				CLANG_WARN_DEPRECATED_OBJC_IMPLEMENTATIONS = YES;
				CLANG_WARN_DIRECT_OBJC_ISA_USAGE = YES_ERROR;
				CLANG_WARN_DOCUMENTATION_COMMENTS = YES;
				CLANG_WARN_EMPTY_BODY = YES;
				CLANG_WARN_ENUM_CONVERSION = YES;
				CLANG_WARN_INFINITE_RECURSION = YES;
				CLANG_WARN_INT_CONVERSION = YES;
				CLANG_WARN_NON_LITERAL_NULL_CONVERSION = YES;
				CLANG_WARN_OBJC_IMPLICIT_RETAIN_SELF = YES;
				CLANG_WARN_OBJC_LITERAL_CONVERSION = YES;
				CLANG_WARN_OBJC_ROOT_CLASS = YES_ERROR;
				CLANG_WARN_QUOTED_INCLUDE_IN_FRAMEWORK_HEADER = YES;
				CLANG_WARN_RANGE_LOOP_ANALYSIS = YES;
				CLANG_WARN_STRICT_PROTOTYPES = YES;
				CLANG_WARN_SUSPICIOUS_MOVE = YES;
				CLANG_WARN_UNGUARDED_AVAILABILITY = YES_AGGRESSIVE;
				CLANG_WARN_UNREACHABLE_CODE = YES;
				CLANG_WARN__DUPLICATE_METHOD_MATCH = YES;
				COPY_PHASE_STRIP = NO;
				DEBUG_INFORMATION_FORMAT = "dwarf-with-dsym";
				ENABLE_NS_ASSERTIONS = NO;
				ENABLE_STRICT_OBJC_MSGSEND = YES;
				GCC_C_LANGUAGE_STANDARD = gnu11;
				GCC_NO_COMMON_BLOCKS = YES;
				GCC_WARN_64_TO_32_BIT_CONVERSION = YES;
				GCC_WARN_ABOUT_RETURN_TYPE = YES_ERROR;
				GCC_WARN_UNDECLARED_SELECTOR = YES;
				GCC_WARN_UNINITIALIZED_AUTOS = YES_AGGRESSIVE;
				GCC_WARN_UNUSED_FUNCTION = YES;
				GCC_WARN_UNUSED_VARIABLE = YES;
				MTL_ENABLE_DEBUG_INFO = NO;
				MTL_FAST_MATH = YES;
				SWIFT_COMPILATION_MODE = wholemodule;
				SWIFT_OPTIMIZATION_LEVEL = "-O";
			};
			name = Release;
		};
		3D617F252926BE3100ECD881 /* Debug */ = {
			isa = XCBuildConfiguration;
			buildSettings = {
				ALWAYS_EMBED_SWIFT_STANDARD_LIBRARIES = YES;
				ASSETCATALOG_COMPILER_APPICON_NAME = AppIcon;
				ASSETCATALOG_COMPILER_GLOBAL_ACCENT_COLOR_NAME = AccentColor;
				CODE_SIGN_ENTITLEMENTS = "counter Watch App/counter Watch App.entitlements";
				CODE_SIGN_STYLE = Automatic;
				CURRENT_PROJECT_VERSION = 1;
				DEVELOPMENT_ASSET_PATHS = "\"counter Watch App/Preview Content\"";
				DEVELOPMENT_TEAM = 6KLWRX98B4;
				ENABLE_PREVIEWS = YES;
				GENERATE_INFOPLIST_FILE = YES;
				INFOPLIST_FILE = "counter-Watch-App-Info.plist";
				INFOPLIST_KEY_CFBundleDisplayName = counter;
				INFOPLIST_KEY_LSApplicationCategoryType = "";
				INFOPLIST_KEY_NSHealthShareUsageDescription = "Read/write health data";
				INFOPLIST_KEY_NSHealthUpdateUsageDescription = "Needed to write calories to healthkit";
				INFOPLIST_KEY_UISupportedInterfaceOrientations = "UIInterfaceOrientationPortrait UIInterfaceOrientationPortraitUpsideDown";
				INFOPLIST_KEY_WKCompanionAppBundleIdentifier = valine.counter;
				LD_RUNPATH_SEARCH_PATHS = (
					"$(inherited)",
					"@executable_path/Frameworks",
				);
				MARKETING_VERSION = 1.0;
				PRODUCT_BUNDLE_IDENTIFIER = valine.counter.watchkitapp;
				PRODUCT_NAME = "$(TARGET_NAME)";
				SDKROOT = watchos;
				SKIP_INSTALL = YES;
				SWIFT_EMIT_LOC_STRINGS = YES;
				SWIFT_VERSION = 5.0;
				TARGETED_DEVICE_FAMILY = 4;
				WATCHOS_DEPLOYMENT_TARGET = 9.1;
			};
			name = Debug;
		};
		3D617F262926BE3100ECD881 /* Release */ = {
			isa = XCBuildConfiguration;
			buildSettings = {
				ALWAYS_EMBED_SWIFT_STANDARD_LIBRARIES = YES;
				ASSETCATALOG_COMPILER_APPICON_NAME = AppIcon;
				ASSETCATALOG_COMPILER_GLOBAL_ACCENT_COLOR_NAME = AccentColor;
				CODE_SIGN_ENTITLEMENTS = "counter Watch App/counter Watch App.entitlements";
				CODE_SIGN_STYLE = Automatic;
				CURRENT_PROJECT_VERSION = 1;
				DEVELOPMENT_ASSET_PATHS = "\"counter Watch App/Preview Content\"";
				DEVELOPMENT_TEAM = 6KLWRX98B4;
				ENABLE_PREVIEWS = YES;
				GENERATE_INFOPLIST_FILE = YES;
				INFOPLIST_FILE = "counter-Watch-App-Info.plist";
				INFOPLIST_KEY_CFBundleDisplayName = counter;
				INFOPLIST_KEY_LSApplicationCategoryType = "";
				INFOPLIST_KEY_NSHealthShareUsageDescription = "Read/write health data";
				INFOPLIST_KEY_NSHealthUpdateUsageDescription = "Needed to write calories to healthkit";
				INFOPLIST_KEY_UISupportedInterfaceOrientations = "UIInterfaceOrientationPortrait UIInterfaceOrientationPortraitUpsideDown";
				INFOPLIST_KEY_WKCompanionAppBundleIdentifier = valine.counter;
				LD_RUNPATH_SEARCH_PATHS = (
					"$(inherited)",
					"@executable_path/Frameworks",
				);
				MARKETING_VERSION = 1.0;
				PRODUCT_BUNDLE_IDENTIFIER = valine.counter.watchkitapp;
				PRODUCT_NAME = "$(TARGET_NAME)";
				SDKROOT = watchos;
				SKIP_INSTALL = YES;
				SWIFT_EMIT_LOC_STRINGS = YES;
				SWIFT_VERSION = 5.0;
				TARGETED_DEVICE_FAMILY = 4;
				VALIDATE_PRODUCT = YES;
				WATCHOS_DEPLOYMENT_TARGET = 9.1;
			};
			name = Release;
		};
		3D617F292926BE3100ECD881 /* Debug */ = {
			isa = XCBuildConfiguration;
			buildSettings = {
				ALWAYS_EMBED_SWIFT_STANDARD_LIBRARIES = YES;
				ASSETCATALOG_COMPILER_APPICON_NAME = AppIcon;
				ASSETCATALOG_COMPILER_GLOBAL_ACCENT_COLOR_NAME = AccentColor;
				CODE_SIGN_STYLE = Automatic;
				CURRENT_PROJECT_VERSION = 1;
				DEVELOPMENT_ASSET_PATHS = "\"counter/Preview Content\"";
				DEVELOPMENT_TEAM = 6KLWRX98B4;
				ENABLE_PREVIEWS = YES;
				GENERATE_INFOPLIST_FILE = YES;
				INFOPLIST_KEY_CFBundleDisplayName = counter;
				INFOPLIST_KEY_NSHealthUpdateUsageDescription = "Healthkit needed for calories read/write";
				INFOPLIST_KEY_UIApplicationSceneManifest_Generation = YES;
				INFOPLIST_KEY_UIApplicationSupportsIndirectInputEvents = YES;
				INFOPLIST_KEY_UILaunchScreen_Generation = YES;
				INFOPLIST_KEY_UISupportedInterfaceOrientations_iPad = "UIInterfaceOrientationPortrait UIInterfaceOrientationPortraitUpsideDown UIInterfaceOrientationLandscapeLeft UIInterfaceOrientationLandscapeRight";
				INFOPLIST_KEY_UISupportedInterfaceOrientations_iPhone = "UIInterfaceOrientationPortrait UIInterfaceOrientationLandscapeLeft UIInterfaceOrientationLandscapeRight";
				IPHONEOS_DEPLOYMENT_TARGET = 16.1;
				LD_RUNPATH_SEARCH_PATHS = (
					"$(inherited)",
					"@executable_path/Frameworks",
				);
				MARKETING_VERSION = 1.0;
				PRODUCT_BUNDLE_IDENTIFIER = valine.counter;
				PRODUCT_NAME = "$(TARGET_NAME)";
				SDKROOT = iphoneos;
				SWIFT_EMIT_LOC_STRINGS = YES;
				SWIFT_VERSION = 5.0;
				TARGETED_DEVICE_FAMILY = "1,2";
			};
			name = Debug;
		};
		3D617F2A2926BE3100ECD881 /* Release */ = {
			isa = XCBuildConfiguration;
			buildSettings = {
				ALWAYS_EMBED_SWIFT_STANDARD_LIBRARIES = YES;
				ASSETCATALOG_COMPILER_APPICON_NAME = AppIcon;
				ASSETCATALOG_COMPILER_GLOBAL_ACCENT_COLOR_NAME = AccentColor;
				CODE_SIGN_STYLE = Automatic;
				CURRENT_PROJECT_VERSION = 1;
				DEVELOPMENT_ASSET_PATHS = "\"counter/Preview Content\"";
				DEVELOPMENT_TEAM = 6KLWRX98B4;
				ENABLE_PREVIEWS = YES;
				GENERATE_INFOPLIST_FILE = YES;
				INFOPLIST_KEY_CFBundleDisplayName = counter;
				INFOPLIST_KEY_NSHealthUpdateUsageDescription = "Healthkit needed for calories read/write";
				INFOPLIST_KEY_UIApplicationSceneManifest_Generation = YES;
				INFOPLIST_KEY_UIApplicationSupportsIndirectInputEvents = YES;
				INFOPLIST_KEY_UILaunchScreen_Generation = YES;
				INFOPLIST_KEY_UISupportedInterfaceOrientations_iPad = "UIInterfaceOrientationPortrait UIInterfaceOrientationPortraitUpsideDown UIInterfaceOrientationLandscapeLeft UIInterfaceOrientationLandscapeRight";
				INFOPLIST_KEY_UISupportedInterfaceOrientations_iPhone = "UIInterfaceOrientationPortrait UIInterfaceOrientationLandscapeLeft UIInterfaceOrientationLandscapeRight";
				IPHONEOS_DEPLOYMENT_TARGET = 16.1;
				LD_RUNPATH_SEARCH_PATHS = (
					"$(inherited)",
					"@executable_path/Frameworks",
				);
				MARKETING_VERSION = 1.0;
				PRODUCT_BUNDLE_IDENTIFIER = valine.counter;
				PRODUCT_NAME = "$(TARGET_NAME)";
				SDKROOT = iphoneos;
				SWIFT_EMIT_LOC_STRINGS = YES;
				SWIFT_VERSION = 5.0;
				TARGETED_DEVICE_FAMILY = "1,2";
				VALIDATE_PRODUCT = YES;
			};
			name = Release;
		};
		3DF5E4722926F9F200419A3C /* Debug */ = {
			isa = XCBuildConfiguration;
			buildSettings = {
				ASSETCATALOG_COMPILER_GLOBAL_ACCENT_COLOR_NAME = AccentColor;
				ASSETCATALOG_COMPILER_WIDGET_BACKGROUND_COLOR_NAME = WidgetBackground;
				CODE_SIGN_ENTITLEMENTS = "Widget ExtensionExtension.entitlements";
				CODE_SIGN_STYLE = Automatic;
				CURRENT_PROJECT_VERSION = 1;
				DEVELOPMENT_TEAM = 6KLWRX98B4;
				GENERATE_INFOPLIST_FILE = YES;
				INFOPLIST_FILE = "Widget Extension/Info.plist";
				INFOPLIST_KEY_CFBundleDisplayName = "Widget Extension";
				INFOPLIST_KEY_NSHealthUpdateUsageDescription = "Read/write calories";
				INFOPLIST_KEY_NSHumanReadableCopyright = "";
				LD_RUNPATH_SEARCH_PATHS = (
					"$(inherited)",
					"@executable_path/Frameworks",
					"@executable_path/../../Frameworks",
					"@executable_path/../../../../Frameworks",
				);
				MARKETING_VERSION = 1.0;
				PRODUCT_BUNDLE_IDENTIFIER = "valine.counter.watchkitapp.Widget-Extension";
				PRODUCT_NAME = "$(TARGET_NAME)";
				SDKROOT = watchos;
				SKIP_INSTALL = YES;
				SWIFT_EMIT_LOC_STRINGS = YES;
				SWIFT_VERSION = 5.0;
				TARGETED_DEVICE_FAMILY = 4;
				WATCHOS_DEPLOYMENT_TARGET = 9.1;
			};
			name = Debug;
		};
		3DF5E4732926F9F200419A3C /* Release */ = {
			isa = XCBuildConfiguration;
			buildSettings = {
				ASSETCATALOG_COMPILER_GLOBAL_ACCENT_COLOR_NAME = AccentColor;
				ASSETCATALOG_COMPILER_WIDGET_BACKGROUND_COLOR_NAME = WidgetBackground;
				CODE_SIGN_ENTITLEMENTS = "Widget ExtensionExtension.entitlements";
				CODE_SIGN_STYLE = Automatic;
				CURRENT_PROJECT_VERSION = 1;
				DEVELOPMENT_TEAM = 6KLWRX98B4;
				GENERATE_INFOPLIST_FILE = YES;
				INFOPLIST_FILE = "Widget Extension/Info.plist";
				INFOPLIST_KEY_CFBundleDisplayName = "Widget Extension";
				INFOPLIST_KEY_NSHealthUpdateUsageDescription = "Read/write calories";
				INFOPLIST_KEY_NSHumanReadableCopyright = "";
				LD_RUNPATH_SEARCH_PATHS = (
					"$(inherited)",
					"@executable_path/Frameworks",
					"@executable_path/../../Frameworks",
					"@executable_path/../../../../Frameworks",
				);
				MARKETING_VERSION = 1.0;
				PRODUCT_BUNDLE_IDENTIFIER = "valine.counter.watchkitapp.Widget-Extension";
				PRODUCT_NAME = "$(TARGET_NAME)";
				SDKROOT = watchos;
				SKIP_INSTALL = YES;
				SWIFT_EMIT_LOC_STRINGS = YES;
				SWIFT_VERSION = 5.0;
				TARGETED_DEVICE_FAMILY = 4;
				VALIDATE_PRODUCT = YES;
				WATCHOS_DEPLOYMENT_TARGET = 9.1;
			};
			name = Release;
		};
/* End XCBuildConfiguration section */

/* Begin XCConfigurationList section */
		3D617EFF2926BE2F00ECD881 /* Build configuration list for PBXProject "counter" */ = {
			isa = XCConfigurationList;
			buildConfigurations = (
				3D617F222926BE3100ECD881 /* Debug */,
				3D617F232926BE3100ECD881 /* Release */,
			);
			defaultConfigurationIsVisible = 0;
			defaultConfigurationName = Release;
		};
		3D617F242926BE3100ECD881 /* Build configuration list for PBXNativeTarget "counter Watch App" */ = {
			isa = XCConfigurationList;
			buildConfigurations = (
				3D617F252926BE3100ECD881 /* Debug */,
				3D617F262926BE3100ECD881 /* Release */,
			);
			defaultConfigurationIsVisible = 0;
			defaultConfigurationName = Release;
		};
		3D617F282926BE3100ECD881 /* Build configuration list for PBXNativeTarget "counter" */ = {
			isa = XCConfigurationList;
			buildConfigurations = (
				3D617F292926BE3100ECD881 /* Debug */,
				3D617F2A2926BE3100ECD881 /* Release */,
			);
			defaultConfigurationIsVisible = 0;
			defaultConfigurationName = Release;
		};
		3DF5E4712926F9F200419A3C /* Build configuration list for PBXNativeTarget "Widget ExtensionExtension" */ = {
			isa = XCConfigurationList;
			buildConfigurations = (
				3DF5E4722926F9F200419A3C /* Debug */,
				3DF5E4732926F9F200419A3C /* Release */,
			);
			defaultConfigurationIsVisible = 0;
			defaultConfigurationName = Release;
		};
/* End XCConfigurationList section */
	};
	rootObject = 3D617EFC2926BE2F00ECD881 /* Project object */;
}
